
Microsoft Visual Studio Solution File, Format Version 12.00
# Visual Studio Version 17
VisualStudioVersion = 17.14.36221.1
MinimumVisualStudioVersion = 10.0.40219.1
Project("{FAE04EC0-301F-11D3-BF4B-00C04F79EFBC}") = "ReservationManagerAPI2", "src\ReservationManagerAPI2\ReservationManagerAPI2.csproj", "{19542102-60B3-4C85-BABD-DEA78A7BDC55}"
EndProject
Project("{FAE04EC0-301F-11D3-BF4B-00C04F79EFBC}") = "ReservationManagerAPI2.Tests", "tests\ReservationManagerAPI2.Tests\ReservationManagerAPI2.Tests.csproj", "{E2A8292C-CADD-42BA-A4F5-6014370BDB1F}"
EndProject
Global
	GlobalSection(SolutionConfigurationPlatforms) = preSolution
		Debug|Any CPU = Debug|Any CPU
		Debug|x64 = Debug|x64
		Debug|x86 = Debug|x86
		Release|Any CPU = Release|Any CPU
		Release|x64 = Release|x64
		Release|x86 = Release|x86
	EndGlobalSection
	GlobalSection(ProjectConfigurationPlatforms) = postSolution
		{19542102-60B3-4C85-BABD-DEA78A7BDC55}.Debug|Any CPU.ActiveCfg = Debug|Any CPU
		{19542102-60B3-4C85-BABD-DEA78A7BDC55}.Debug|Any CPU.Build.0 = Debug|Any CPU
		{19542102-60B3-4C85-BABD-DEA78A7BDC55}.Debug|x64.ActiveCfg = Debug|Any CPU
		{19542102-60B3-4C85-BABD-DEA78A7BDC55}.Debug|x64.Build.0 = Debug|Any CPU
		{19542102-60B3-4C85-BABD-DEA78A7BDC55}.Debug|x86.ActiveCfg = Debug|Any CPU
		{19542102-60B3-4C85-BABD-DEA78A7BDC55}.Debug|x86.Build.0 = Debug|Any CPU
		{19542102-60B3-4C85-BABD-DEA78A7BDC55}.Release|Any CPU.ActiveCfg = Release|Any CPU
		{19542102-60B3-4C85-BABD-DEA78A7BDC55}.Release|Any CPU.Build.0 = Release|Any CPU
		{19542102-60B3-4C85-BABD-DEA78A7BDC55}.Release|x64.ActiveCfg = Release|Any CPU
		{19542102-60B3-4C85-BABD-DEA78A7BDC55}.Release|x64.Build.0 = Release|Any CPU
		{19542102-60B3-4C85-BABD-DEA78A7BDC55}.Release|x86.ActiveCfg = Release|Any CPU
		{19542102-60B3-4C85-BABD-DEA78A7BDC55}.Release|x86.Build.0 = Release|Any CPU
		{E2A8292C-CADD-42BA-A4F5-6014370BDB1F}.Debug|Any CPU.ActiveCfg = Debug|Any CPU
		{E2A8292C-CADD-42BA-A4F5-6014370BDB1F}.Debug|Any CPU.Build.0 = Debug|Any CPU
		{E2A8292C-CADD-42BA-A4F5-6014370BDB1F}.Debug|x64.ActiveCfg = Debug|Any CPU
		{E2A8292C-CADD-42BA-A4F5-6014370BDB1F}.Debug|x64.Build.0 = Debug|Any CPU
		{E2A8292C-CADD-42BA-A4F5-6014370BDB1F}.Debug|x86.ActiveCfg = Debug|Any CPU
		{E2A8292C-CADD-42BA-A4F5-6014370BDB1F}.Debug|x86.Build.0 = Debug|Any CPU
		{E2A8292C-CADD-42BA-A4F5-6014370BDB1F}.Release|Any CPU.ActiveCfg = Release|Any CPU
		{E2A8292C-CADD-42BA-A4F5-6014370BDB1F}.Release|Any CPU.Build.0 = Release|Any CPU
		{E2A8292C-CADD-42BA-A4F5-6014370BDB1F}.Release|x64.ActiveCfg = Release|Any CPU
		{E2A8292C-CADD-42BA-A4F5-6014370BDB1F}.Release|x64.Build.0 = Release|Any CPU
		{E2A8292C-CADD-42BA-A4F5-6014370BDB1F}.Release|x86.ActiveCfg = Release|Any CPU
		{E2A8292C-CADD-42BA-A4F5-6014370BDB1F}.Release|x86.Build.0 = Release|Any CPU
	EndGlobalSection
	GlobalSection(SolutionProperties) = preSolution
		HideSolutionNode = FALSE
	EndGlobalSection
	GlobalSection(ExtensibilityGlobals) = postSolution
		SolutionGuid = {52050394-B1F9-4B15-B18C-403CFE13DD7B}
	EndGlobalSection
EndGlobal
